
Microsoft Visual Studio Solution File, Format Version 12.00
# Visual Studio Version 17
VisualStudioVersion = 17.11.35219.272
MinimumVisualStudioVersion = 10.0.40219.1
Project("{8BC9CEB8-8B4A-11D0-8D11-00A0C91BC942}") = "Clist_array", "Clist_array\Clist_array.vcxproj", "{2ECD169D-5A29-4133-903E-4272291DF239}"
EndProject
Global
	GlobalSection(SolutionConfigurationPlatforms) = preSolution
		Debug|x64 = Debug|x64
		Debug|x86 = Debug|x86
		Release|x64 = Release|x64
		Release|x86 = Release|x86
	EndGlobalSection
	GlobalSection(ProjectConfigurationPlatforms) = postSolution
		{2ECD169D-5A29-4133-903E-4272291DF239}.Debug|x64.ActiveCfg = Debug|x64
		{2ECD169D-5A29-4133-903E-4272291DF239}.Debug|x64.Build.0 = Debug|x64
		{2ECD169D-5A29-4133-903E-4272291DF239}.Debug|x86.ActiveCfg = Debug|Win32
		{2ECD169D-5A29-4133-903E-4272291DF239}.Debug|x86.Build.0 = Debug|Win32
		{2ECD169D-5A29-4133-903E-4272291DF239}.Release|x64.ActiveCfg = Release|x64
		{2ECD169D-5A29-4133-903E-4272291DF239}.Release|x64.Build.0 = Release|x64
		{2ECD169D-5A29-4133-903E-4272291DF239}.Release|x86.ActiveCfg = Release|Win32
		{2ECD169D-5A29-4133-903E-4272291DF239}.Release|x86.Build.0 = Release|Win32
	EndGlobalSection
	GlobalSection(SolutionProperties) = preSolution
		HideSolutionNode = FALSE
	EndGlobalSection
	GlobalSection(ExtensibilityGlobals) = postSolution
		SolutionGuid = {EF0EA1CC-97A3-4F6C-BE9B-6A024FA02B75}
	EndGlobalSection
EndGlobal
